{
  "name": "node-get-ascii",
  "version": "4.0.0",
  "lockfileVersion": 2,
  "requires": true,
  "packages": {
    "": {
      "version": "4.0.0",
      "license": "MIT",
      "dependencies": {
        "@f0c1s/color-blue": "^0.0.1",
        "@f0c1s/color-magenta": "^0.0.1",
        "@f0c1s/color-red": "^0.0.1",
        "@f0c1s/color-yellow": "^0.0.1"
      },
      "bin": {
        "getPrintableAscii": "src/getPrintableAscii.bin.js"
      },
      "devDependencies": {
        "@types/jasmine": "^3.7.6",
        "@types/node": "^15.6.1"
      }
    },
    "node_modules/@f0c1s/color-blue": {
      "version": "0.0.1",
      "resolved": "https://registry.npmjs.org/@f0c1s/color-blue/-/color-blue-0.0.1.tgz",
      "integrity": "sha512-EqxerC303qTFSrYGW1JuKtj0OQkEK4phNgjR15PduARq2M8bR/o2qbzOSw0e4kT7hXQWpeMyENcV+rqxNO9uSw=="
    },
    "node_modules/@f0c1s/color-magenta": {
      "version": "0.0.1",
      "resolved": "https://registry.npmjs.org/@f0c1s/color-magenta/-/color-magenta-0.0.1.tgz",
      "integrity": "sha512-i7H0PqENWnx3SLP8Z8YzLFiZzpnd9p5lqx8Z2Xz7XN6XZ8HnJmlAvIxK1Edez7x4zKEXAVf3DmCdcHggXUor8A=="
    },
    "node_modules/@f0c1s/color-red": {
      "version": "0.0.1",
      "resolved": "https://registry.npmjs.org/@f0c1s/color-red/-/color-red-0.0.1.tgz",
      "integrity": "sha512-vT0VIj3KPpc7Md7f+0+2crvC636bLgs0RdCjGPa1fz6KAYkAMrFp0U7jpev+dJReRBSAyExwxO3Kmm98/pqXkg=="
    },
    "node_modules/@f0c1s/color-yellow": {
      "version": "0.0.1",
      "resolved": "https://registry.npmjs.org/@f0c1s/color-yellow/-/color-yellow-0.0.1.tgz",
      "integrity": "sha512-/bfoTUZK5jkmQmI/GPyqWYHOcaeblWz4sSusFfCWthI3BSGhG4mqcuuWLZfLXFYY+xo+uQ6wY3FAVeVgAxLRBA=="
    },
    "node_modules/@types/jasmine": {
      "version": "3.7.6",
      "resolved": "https://registry.npmjs.org/@types/jasmine/-/jasmine-3.7.6.tgz",
      "integrity": "sha512-7Z6PZskqJZL7grgTg6L0JYLqaP6rEAecBZvHz3bzVZVMeun2kQ3QZ6Wx+cFjvjAR7le9p066WBDzLDobz9rlyQ==",
      "dev": true
    },
    "node_modules/@types/node": {
      "version": "15.6.1",
      "resolved": "https://registry.npmjs.org/@types/node/-/node-15.6.1.tgz",
      "integrity": "sha512-7EIraBEyRHEe7CH+Fm1XvgqU6uwZN8Q7jppJGcqjROMT29qhAuuOxYB1uEY5UMYQKEmA5D+5tBnhdaPXSsLONA==",
      "dev": true
    }
  },
  "dependencies": {
    "@f0c1s/color-blue": {
      "version": "0.0.1",
      "resolved": "https://registry.npmjs.org/@f0c1s/color-blue/-/color-blue-0.0.1.tgz",
      "integrity": "sha512-EqxerC303qTFSrYGW1JuKtj0OQkEK4phNgjR15PduARq2M8bR/o2qbzOSw0e4kT7hXQWpeMyENcV+rqxNO9uSw=="
    },
    "@f0c1s/color-magenta": {
      "version": "0.0.1",
      "resolved": "https://registry.npmjs.org/@f0c1s/color-magenta/-/color-magenta-0.0.1.tgz",
      "integrity": "sha512-i7H0PqENWnx3SLP8Z8YzLFiZzpnd9p5lqx8Z2Xz7XN6XZ8HnJmlAvIxK1Edez7x4zKEXAVf3DmCdcHggXUor8A=="
    },
    "@f0c1s/color-red": {
      "version": "0.0.1",
      "resolved": "https://registry.npmjs.org/@f0c1s/color-red/-/color-red-0.0.1.tgz",
      "integrity": "sha512-vT0VIj3KPpc7Md7f+0+2crvC636bLgs0RdCjGPa1fz6KAYkAMrFp0U7jpev+dJReRBSAyExwxO3Kmm98/pqXkg=="
    },
    "@f0c1s/color-yellow": {
      "version": "0.0.1",
      "resolved": "https://registry.npmjs.org/@f0c1s/color-yellow/-/color-yellow-0.0.1.tgz",
      "integrity": "sha512-/bfoTUZK5jkmQmI/GPyqWYHOcaeblWz4sSusFfCWthI3BSGhG4mqcuuWLZfLXFYY+xo+uQ6wY3FAVeVgAxLRBA=="
    },
    "@types/jasmine": {
      "version": "3.7.6",
      "resolved": "https://registry.npmjs.org/@types/jasmine/-/jasmine-3.7.6.tgz",
      "integrity": "sha512-7Z6PZskqJZL7grgTg6L0JYLqaP6rEAecBZvHz3bzVZVMeun2kQ3QZ6Wx+cFjvjAR7le9p066WBDzLDobz9rlyQ==",
      "dev": true
    },
    "@types/node": {
      "version": "15.6.1",
      "resolved": "https://registry.npmjs.org/@types/node/-/node-15.6.1.tgz",
      "integrity": "sha512-7EIraBEyRHEe7CH+Fm1XvgqU6uwZN8Q7jppJGcqjROMT29qhAuuOxYB1uEY5UMYQKEmA5D+5tBnhdaPXSsLONA==",
      "dev": true
    }
  }
}
